dependencies:
  idf:
    component_hash: null
    source:
      type: idf
    version: 5.2.1
  lvgl__lvgl:
    component_hash: null
    source:
      path: C:\PROJECT_EMB\lvgl_griver_rep\lvgl_v9_esp32_display_driver\components\lvgl__lvgl
      type: local
    version: 9.1.0
manifest_hash: d8768697758f3d12d4dce9200c70728be4b3bf1eb758aad455bb4b6a4efa49d4
target: esp32
version: 1.0.0
